// !$*UTF8*$!
{
	archiveVersion = 1;
	classes = {
	};
	objectVersion = 46;
	objects = {

/* Begin PBXBuildFile section */
		04380D5C1F6A6B1E002B37C8 /* AppDelegate.swift in Sources */ = {isa = PBXBuildFile; fileRef = 04380D5B1F6A6B1E002B37C8 /* AppDelegate.swift */; };
		04380D5E1F6A6B1E002B37C8 /* ViewController.swift in Sources */ = {isa = PBXBuildFile; fileRef = 04380D5D1F6A6B1E002B37C8 /* ViewController.swift */; };
		04380D611F6A6B1E002B37C8 /* Main.storyboard in Resources */ = {isa = PBXBuildFile; fileRef = 04380D5F1F6A6B1E002B37C8 /* Main.storyboard */; };
		04380D631F6A6B1E002B37C8 /* Assets.xcassets in Resources */ = {isa = PBXBuildFile; fileRef = 04380D621F6A6B1E002B37C8 /* Assets.xcassets */; };
		04380D661F6A6B1E002B37C8 /* LaunchScreen.storyboard in Resources */ = {isa = PBXBuildFile; fileRef = 04380D641F6A6B1E002B37C8 /* LaunchScreen.storyboard */; };
		04380D711F6A6B1E002B37C8 /* gitprojectTests.swift in Sources */ = {isa = PBXBuildFile; fileRef = 04380D701F6A6B1E002B37C8 /* gitprojectTests.swift */; };
		04380D7C1F6A6B1E002B37C8 /* gitprojectUITests.swift in Sources */ = {isa = PBXBuildFile; fileRef = 04380D7B1F6A6B1E002B37C8 /* gitprojectUITests.swift */; };
/* End PBXBuildFile section */

/* Begin PBXContainerItemProxy section */
		04380D6D1F6A6B1E002B37C8 /* PBXContainerItemProxy */ = {
			isa = PBXContainerItemProxy;
			containerPortal = 04380D501F6A6B1E002B37C8 /* Project object */;
			proxyType = 1;
			remoteGlobalIDString = 04380D571F6A6B1E002B37C8;
			remoteInfo = gitproject;
		};
		04380D781F6A6B1E002B37C8 /* PBXContainerItemProxy */ = {
			isa = PBXContainerItemProxy;
			containerPortal = 04380D501F6A6B1E002B37C8 /* Project object */;
			proxyType = 1;
			remoteGlobalIDString = 04380D571F6A6B1E002B37C8;
			remoteInfo = gitproject;
		};
/* End PBXContainerItemProxy section */

/* Begin PBXFileReference section */
		04380D581F6A6B1E002B37C8 /* gitproject.app */ = {isa = PBXFileReference; explicitFileType = wrapper.application; includeInIndex = 0; path = gitproject.app; sourceTree = BUILT_PRODUCTS_DIR; };
		04380D5B1F6A6B1E002B37C8 /* AppDelegate.swift */ = {isa = PBXFileReference; lastKnownFileType = sourcecode.swift; path = AppDelegate.swift; sourceTree = "<group>"; };
		04380D5D1F6A6B1E002B37C8 /* ViewController.swift */ = {isa = PBXFileReference; lastKnownFileType = sourcecode.swift; path = ViewController.swift; sourceTree = "<group>"; };
		04380D601F6A6B1E002B37C8 /* Base */ = {isa = PBXFileReference; lastKnownFileType = file.storyboard; name = Base; path = Base.lproj/Main.storyboard; sourceTree = "<group>"; };
		04380D621F6A6B1E002B37C8 /* Assets.xcassets */ = {isa = PBXFileReference; lastKnownFileType = folder.assetcatalog; path = Assets.xcassets; sourceTree = "<group>"; };
		04380D651F6A6B1E002B37C8 /* Base */ = {isa = PBXFileReference; lastKnownFileType = file.storyboard; name = Base; path = Base.lproj/LaunchScreen.storyboard; sourceTree = "<group>"; };
		04380D671F6A6B1E002B37C8 /* Info.plist */ = {isa = PBXFileReference; lastKnownFileType = text.plist.xml; path = Info.plist; sourceTree = "<group>"; };
		04380D6C1F6A6B1E002B37C8 /* gitprojectTests.xctest */ = {isa = PBXFileReference; explicitFileType = wrapper.cfbundle; includeInIndex = 0; path = gitprojectTests.xctest; sourceTree = BUILT_PRODUCTS_DIR; };
		04380D701F6A6B1E002B37C8 /* gitprojectTests.swift */ = {isa = PBXFileReference; lastKnownFileType = sourcecode.swift; path = gitprojectTests.swift; sourceTree = "<group>"; };
		04380D721F6A6B1E002B37C8 /* Info.plist */ = {isa = PBXFileReference; lastKnownFileType = text.plist.xml; path = Info.plist; sourceTree = "<group>"; };
		04380D771F6A6B1E002B37C8 /* gitprojectUITests.xctest */ = {isa = PBXFileReference; explicitFileType = wrapper.cfbundle; includeInIndex = 0; path = gitprojectUITests.xctest; sourceTree = BUILT_PRODUCTS_DIR; };
		04380D7B1F6A6B1E002B37C8 /* gitprojectUITests.swift */ = {isa = PBXFileReference; lastKnownFileType = sourcecode.swift; path = gitprojectUITests.swift; sourceTree = "<group>"; };
		04380D7D1F6A6B1E002B37C8 /* Info.plist */ = {isa = PBXFileReference; lastKnownFileType = text.plist.xml; path = Info.plist; sourceTree = "<group>"; };
/* End PBXFileReference section */

/* Begin PBXFrameworksBuildPhase section */
		04380D551F6A6B1E002B37C8 /* Frameworks */ = {
			isa = PBXFrameworksBuildPhase;
			buildActionMask = 2147483647;
			files = (
			);
			runOnlyForDeploymentPostprocessing = 0;
		};
		04380D691F6A6B1E002B37C8 /* Frameworks */ = {
			isa = PBXFrameworksBuildPhase;
			buildActionMask = 2147483647;
			files = (
			);
			runOnlyForDeploymentPostprocessing = 0;
		};
		04380D741F6A6B1E002B37C8 /* Frameworks */ = {
			isa = PBXFrameworksBuildPhase;
			buildActionMask = 2147483647;
			files = (
			);
			runOnlyForDeploymentPostprocessing = 0;
		};
/* End PBXFrameworksBuildPhase section */

/* Begin PBXGroup section */
		04380D4F1F6A6B1E002B37C8 = {
			isa = PBXGroup;
			children = (
				04380D5A1F6A6B1E002B37C8 /* gitproject */,
				04380D6F1F6A6B1E002B37C8 /* gitprojectTests */,
				04380D7A1F6A6B1E002B37C8 /* gitprojectUITests */,
				04380D591F6A6B1E002B37C8 /* Products */,
			);
			sourceTree = "<group>";
		};
		04380D591F6A6B1E002B37C8 /* Products */ = {
			isa = PBXGroup;
			children = (
				04380D581F6A6B1E002B37C8 /* gitproject.app */,
				04380D6C1F6A6B1E002B37C8 /* gitprojectTests.xctest */,
				04380D771F6A6B1E002B37C8 /* gitprojectUITests.xctest */,
			);
			name = Products;
			sourceTree = "<group>";
		};
		04380D5A1F6A6B1E002B37C8 /* gitproject */ = {
			isa = PBXGroup;
			children = (
				04380D5B1F6A6B1E002B37C8 /* AppDelegate.swift */,
				04380D5D1F6A6B1E002B37C8 /* ViewController.swift */,
				04380D5F1F6A6B1E002B37C8 /* Main.storyboard */,
				04380D621F6A6B1E002B37C8 /* Assets.xcassets */,
				04380D641F6A6B1E002B37C8 /* LaunchScreen.storyboard */,
				04380D671F6A6B1E002B37C8 /* Info.plist */,
			);
			path = gitproject;
			sourceTree = "<group>";
		};
		04380D6F1F6A6B1E002B37C8 /* gitprojectTests */ = {
			isa = PBXGroup;
			children = (
				04380D701F6A6B1E002B37C8 /* gitprojectTests.swift */,
				04380D721F6A6B1E002B37C8 /* Info.plist */,
			);
			path = gitprojectTests;
			sourceTree = "<group>";
		};
		04380D7A1F6A6B1E002B37C8 /* gitprojectUITests */ = {
			isa = PBXGroup;
			children = (
				04380D7B1F6A6B1E002B37C8 /* gitprojectUITests.swift */,
				04380D7D1F6A6B1E002B37C8 /* Info.plist */,
			);
			path = gitprojectUITests;
			sourceTree = "<group>";
		};
/* End PBXGroup section */

/* Begin PBXNativeTarget section */
		04380D571F6A6B1E002B37C8 /* gitproject */ = {
			isa = PBXNativeTarget;
			buildConfigurationList = 04380D801F6A6B1E002B37C8 /* Build configuration list for PBXNativeTarget "gitproject" */;
			buildPhases = (
				04380D541F6A6B1E002B37C8 /* Sources */,
				04380D551F6A6B1E002B37C8 /* Frameworks */,
				04380D561F6A6B1E002B37C8 /* Resources */,
			);
			buildRules = (
			);
			dependencies = (
			);
			name = gitproject;
			productName = gitproject;
			productReference = 04380D581F6A6B1E002B37C8 /* gitproject.app */;
			productType = "com.apple.product-type.application";
		};
		04380D6B1F6A6B1E002B37C8 /* gitprojectTests */ = {
			isa = PBXNativeTarget;
			buildConfigurationList = 04380D831F6A6B1E002B37C8 /* Build configuration list for PBXNativeTarget "gitprojectTests" */;
			buildPhases = (
				04380D681F6A6B1E002B37C8 /* Sources */,
				04380D691F6A6B1E002B37C8 /* Frameworks */,
				04380D6A1F6A6B1E002B37C8 /* Resources */,
			);
			buildRules = (
			);
			dependencies = (
				04380D6E1F6A6B1E002B37C8 /* PBXTargetDependency */,
			);
			name = gitprojectTests;
			productName = gitprojectTests;
			productReference = 04380D6C1F6A6B1E002B37C8 /* gitprojectTests.xctest */;
			productType = "com.apple.product-type.bundle.unit-test";
		};
		04380D761F6A6B1E002B37C8 /* gitprojectUITests */ = {
			isa = PBXNativeTarget;
			buildConfigurationList = 04380D861F6A6B1E002B37C8 /* Build configuration list for PBXNativeTarget "gitprojectUITests" */;
			buildPhases = (
				04380D731F6A6B1E002B37C8 /* Sources */,
				04380D741F6A6B1E002B37C8 /* Frameworks */,
				04380D751F6A6B1E002B37C8 /* Resources */,
			);
			buildRules = (
			);
			dependencies = (
				04380D791F6A6B1E002B37C8 /* PBXTargetDependency */,
			);
			name = gitprojectUITests;
			productName = gitprojectUITests;
			productReference = 04380D771F6A6B1E002B37C8 /* gitprojectUITests.xctest */;
			productType = "com.apple.product-type.bundle.ui-testing";
		};
/* End PBXNativeTarget section */

/* Begin PBXProject section */
		04380D501F6A6B1E002B37C8 /* Project object */ = {
			isa = PBXProject;
			attributes = {
				LastSwiftUpdateCheck = 0830;
				LastUpgradeCheck = 0830;
				ORGANIZATIONNAME = iostraining;
				TargetAttributes = {
					04380D571F6A6B1E002B37C8 = {
						CreatedOnToolsVersion = 8.3.3;
						ProvisioningStyle = Automatic;
					};
					04380D6B1F6A6B1E002B37C8 = {
						CreatedOnToolsVersion = 8.3.3;
						ProvisioningStyle = Automatic;
						TestTargetID = 04380D571F6A6B1E002B37C8;
					};
					04380D761F6A6B1E002B37C8 = {
						CreatedOnToolsVersion = 8.3.3;
						ProvisioningStyle = Automatic;
						TestTargetID = 04380D571F6A6B1E002B37C8;
					};
				};
			};
			buildConfigurationList = 04380D531F6A6B1E002B37C8 /* Build configuration list for PBXProject "gitproject" */;
			compatibilityVersion = "Xcode 3.2";
			developmentRegion = English;
			hasScannedForEncodings = 0;
			knownRegions = (
				en,
				Base,
			);
			mainGroup = 04380D4F1F6A6B1E002B37C8;
			productRefGroup = 04380D591F6A6B1E002B37C8 /* Products */;
			projectDirPath = "";
			projectRoot = "";
			targets = (
				04380D571F6A6B1E002B37C8 /* gitproject */,
				04380D6B1F6A6B1E002B37C8 /* gitprojectTests */,
				04380D761F6A6B1E002B37C8 /* gitprojectUITests */,
			);
		};
/* End PBXProject section */

/* Begin PBXResourcesBuildPhase section */
		04380D561F6A6B1E002B37C8 /* Resources */ = {
			isa = PBXResourcesBuildPhase;
			buildActionMask = 2147483647;
			files = (
				04380D661F6A6B1E002B37C8 /* LaunchScreen.storyboard in Resources */,
				04380D631F6A6B1E002B37C8 /* Assets.xcassets in Resources */,
				04380D611F6A6B1E002B37C8 /* Main.storyboard in Resources */,
			);
			runOnlyForDeploymentPostprocessing = 0;
		};
		04380D6A1F6A6B1E002B37C8 /* Resources */ = {
			isa = PBXResourcesBuildPhase;
			buildActionMask = 2147483647;
			files = (
			);
			runOnlyForDeploymentPostprocessing = 0;
		};
		04380D751F6A6B1E002B37C8 /* Resources */ = {
			isa = PBXResourcesBuildPhase;
			buildActionMask = 2147483647;
			files = (
			);
			runOnlyForDeploymentPostprocessing = 0;
		};
/* End PBXResourcesBuildPhase section */

/* Begin PBXSourcesBuildPhase section */
		04380D541F6A6B1E002B37C8 /* Sources */ = {
			isa = PBXSourcesBuildPhase;
			buildActionMask = 2147483647;
			files = (
				04380D5E1F6A6B1E002B37C8 /* ViewController.swift in Sources */,
				04380D5C1F6A6B1E002B37C8 /* AppDelegate.swift in Sources */,
			);
			runOnlyForDeploymentPostprocessing = 0;
		};
		04380D681F6A6B1E002B37C8 /* Sources */ = {
			isa = PBXSourcesBuildPhase;
			buildActionMask = 2147483647;
			files = (
				04380D711F6A6B1E002B37C8 /* gitprojectTests.swift in Sources */,
			);
			runOnlyForDeploymentPostprocessing = 0;
		};
		04380D731F6A6B1E002B37C8 /* Sources */ = {
			isa = PBXSourcesBuildPhase;
			buildActionMask = 2147483647;
			files = (
				04380D7C1F6A6B1E002B37C8 /* gitprojectUITests.swift in Sources */,
			);
			runOnlyForDeploymentPostprocessing = 0;
		};
/* End PBXSourcesBuildPhase section */

/* Begin PBXTargetDependency section */
		04380D6E1F6A6B1E002B37C8 /* PBXTargetDependency */ = {
			isa = PBXTargetDependency;
			target = 04380D571F6A6B1E002B37C8 /* gitproject */;
			targetProxy = 04380D6D1F6A6B1E002B37C8 /* PBXContainerItemProxy */;
		};
		04380D791F6A6B1E002B37C8 /* PBXTargetDependency */ = {
			isa = PBXTargetDependency;
			target = 04380D571F6A6B1E002B37C8 /* gitproject */;
			targetProxy = 04380D781F6A6B1E002B37C8 /* PBXContainerItemProxy */;
		};
/* End PBXTargetDependency section */

/* Begin PBXVariantGroup section */
		04380D5F1F6A6B1E002B37C8 /* Main.storyboard */ = {
			isa = PBXVariantGroup;
			children = (
				04380D601F6A6B1E002B37C8 /* Base */,
			);
			name = Main.storyboard;
			sourceTree = "<group>";
		};
		04380D641F6A6B1E002B37C8 /* LaunchScreen.storyboard */ = {
			isa = PBXVariantGroup;
			children = (
				04380D651F6A6B1E002B37C8 /* Base */,
			);
			name = LaunchScreen.storyboard;
			sourceTree = "<group>";
		};
/* End PBXVariantGroup section */

/* Begin XCBuildConfiguration section */
		04380D7E1F6A6B1E002B37C8 /* Debug */ = {
			isa = XCBuildConfiguration;
			buildSettings = {
				ALWAYS_SEARCH_USER_PATHS = NO;
				CLANG_ANALYZER_NONNULL = YES;
				CLANG_ANALYZER_NUMBER_OBJECT_CONVERSION = YES_AGGRESSIVE;
				CLANG_CXX_LANGUAGE_STANDARD = "gnu++0x";
				CLANG_CXX_LIBRARY = "libc++";
				CLANG_ENABLE_MODULES = YES;
				CLANG_ENABLE_OBJC_ARC = YES;
				CLANG_WARN_BOOL_CONVERSION = YES;
				CLANG_WARN_CONSTANT_CONVERSION = YES;
				CLANG_WARN_DIRECT_OBJC_ISA_USAGE = YES_ERROR;
				CLANG_WARN_DOCUMENTATION_COMMENTS = YES;
				CLANG_WARN_EMPTY_BODY = YES;
				CLANG_WARN_ENUM_CONVERSION = YES;
				CLANG_WARN_INFINITE_RECURSION = YES;
				CLANG_WARN_INT_CONVERSION = YES;
				CLANG_WARN_OBJC_ROOT_CLASS = YES_ERROR;
				CLANG_WARN_SUSPICIOUS_MOVE = YES;
				CLANG_WARN_UNREACHABLE_CODE = YES;
				CLANG_WARN__DUPLICATE_METHOD_MATCH = YES;
				"CODE_SIGN_IDENTITY[sdk=iphoneos*]" = "iPhone Developer";
				COPY_PHASE_STRIP = NO;
				DEBUG_INFORMATION_FORMAT = dwarf;
				ENABLE_STRICT_OBJC_MSGSEND = YES;
				ENABLE_TESTABILITY = YES;
				GCC_C_LANGUAGE_STANDARD = gnu99;
				GCC_DYNAMIC_NO_PIC = NO;
				GCC_NO_COMMON_BLOCKS = YES;
				GCC_OPTIMIZATION_LEVEL = 0;
				GCC_PREPROCESSOR_DEFINITIONS = (
					"DEBUG=1",
					"$(inherited)",
				);
				GCC_WARN_64_TO_32_BIT_CONVERSION = YES;
				GCC_WARN_ABOUT_RETURN_TYPE = YES_ERROR;
				GCC_WARN_UNDECLARED_SELECTOR = YES;
				GCC_WARN_UNINITIALIZED_AUTOS = YES_AGGRESSIVE;
				GCC_WARN_UNUSED_FUNCTION = YES;
				GCC_WARN_UNUSED_VARIABLE = YES;
				IPHONEOS_DEPLOYMENT_TARGET = 10.3;
				MTL_ENABLE_DEBUG_INFO = YES;
				ONLY_ACTIVE_ARCH = YES;
				SDKROOT = iphoneos;
				SWIFT_ACTIVE_COMPILATION_CONDITIONS = DEBUG;
				SWIFT_OPTIMIZATION_LEVEL = "-Onone";
				TARGETED_DEVICE_FAMILY = "1,2";
			};
			name = Debug;
		};
		04380D7F1F6A6B1E002B37C8 /* Release */ = {
			isa = XCBuildConfiguration;
			buildSettings = {
				ALWAYS_SEARCH_USER_PATHS = NO;
				CLANG_ANALYZER_NONNULL = YES;
				CLANG_ANALYZER_NUMBER_OBJECT_CONVERSION = YES_AGGRESSIVE;
				CLANG_CXX_LANGUAGE_STANDARD = "gnu++0x";
				CLANG_CXX_LIBRARY = "libc++";
				CLANG_ENABLE_MODULES = YES;
				CLANG_ENABLE_OBJC_ARC = YES;
				CLANG_WARN_BOOL_CONVERSION = YES;
				CLANG_WARN_CONSTANT_CONVERSION = YES;
				CLANG_WARN_DIRECT_OBJC_ISA_USAGE = YES_ERROR;
				CLANG_WARN_DOCUMENTATION_COMMENTS = YES;
				CLANG_WARN_EMPTY_BODY = YES;
				CLANG_WARN_ENUM_CONVERSION = YES;
				CLANG_WARN_INFINITE_RECURSION = YES;
				CLANG_WARN_INT_CONVERSION = YES;
				CLANG_WARN_OBJC_ROOT_CLASS = YES_ERROR;
				CLANG_WARN_SUSPICIOUS_MOVE = YES;
				CLANG_WARN_UNREACHABLE_CODE = YES;
				CLANG_WARN__DUPLICATE_METHOD_MATCH = YES;
				"CODE_SIGN_IDENTITY[sdk=iphoneos*]" = "iPhone Developer";
				COPY_PHASE_STRIP = NO;
				DEBUG_INFORMATION_FORMAT = "dwarf-with-dsym";
				ENABLE_NS_ASSERTIONS = NO;
				ENABLE_STRICT_OBJC_MSGSEND = YES;
				GCC_C_LANGUAGE_STANDARD = gnu99;
				GCC_NO_COMMON_BLOCKS = YES;
				GCC_WARN_64_TO_32_BIT_CONVERSION = YES;
				GCC_WARN_ABOUT_RETURN_TYPE = YES_ERROR;
				GCC_WARN_UNDECLARED_SELECTOR = YES;
				GCC_WARN_UNINITIALIZED_AUTOS = YES_AGGRESSIVE;
				GCC_WARN_UNUSED_FUNCTION = YES;
				GCC_WARN_UNUSED_VARIABLE = YES;
				IPHONEOS_DEPLOYMENT_TARGET = 10.3;
				MTL_ENABLE_DEBUG_INFO = NO;
				SDKROOT = iphoneos;
				SWIFT_OPTIMIZATION_LEVEL = "-Owholemodule";
				TARGETED_DEVICE_FAMILY = "1,2";
				VALIDATE_PRODUCT = YES;
			};
			name = Release;
		};
		04380D811F6A6B1E002B37C8 /* Debug */ = {
			isa = XCBuildConfiguration;
			buildSettings = {
				ASSETCATALOG_COMPILER_APPICON_NAME = AppIcon;
				INFOPLIST_FILE = gitproject/Info.plist;
				LD_RUNPATH_SEARCH_PATHS = "$(inherited) @executable_path/Frameworks";
				PRODUCT_BUNDLE_IDENTIFIER = evision.gitproject;
				PRODUCT_NAME = "$(TARGET_NAME)";
				SWIFT_VERSION = 3.0;
			};
			name = Debug;
		};
		04380D821F6A6B1E002B37C8 /* Release */ = {
			isa = XCBuildConfiguration;
			buildSettings = {
				ASSETCATALOG_COMPILER_APPICON_NAME = AppIcon;
				INFOPLIST_FILE = gitproject/Info.plist;
				LD_RUNPATH_SEARCH_PATHS = "$(inherited) @executable_path/Frameworks";
				PRODUCT_BUNDLE_IDENTIFIER = evision.gitproject;
				PRODUCT_NAME = "$(TARGET_NAME)";
				SWIFT_VERSION = 3.0;
			};
			name = Release;
		};
		04380D841F6A6B1E002B37C8 /* Debug */ = {
			isa = XCBuildConfiguration;
			buildSettings = {
				ALWAYS_EMBED_SWIFT_STANDARD_LIBRARIES = YES;
				BUNDLE_LOADER = "$(TEST_HOST)";
				INFOPLIST_FILE = gitprojectTests/Info.plist;
				LD_RUNPATH_SEARCH_PATHS = "$(inherited) @executable_path/Frameworks @loader_path/Frameworks";
				PRODUCT_BUNDLE_IDENTIFIER = evision.gitprojectTests;
				PRODUCT_NAME = "$(TARGET_NAME)";
				SWIFT_VERSION = 3.0;
				TEST_HOST = "$(BUILT_PRODUCTS_DIR)/gitproject.app/gitproject";
			};
			name = Debug;
		};
		04380D851F6A6B1E002B37C8 /* Release */ = {
			isa = XCBuildConfiguration;
			buildSettings = {
				ALWAYS_EMBED_SWIFT_STANDARD_LIBRARIES = YES;
				BUNDLE_LOADER = "$(TEST_HOST)";
				INFOPLIST_FILE = gitprojectTests/Info.plist;
				LD_RUNPATH_SEARCH_PATHS = "$(inherited) @executable_path/Frameworks @loader_path/Frameworks";
				PRODUCT_BUNDLE_IDENTIFIER = evision.gitprojectTests;
				PRODUCT_NAME = "$(TARGET_NAME)";
				SWIFT_VERSION = 3.0;
				TEST_HOST = "$(BUILT_PRODUCTS_DIR)/gitproject.app/gitproject";
			};
			name = Release;
		};
		04380D871F6A6B1E002B37C8 /* Debug */ = {
			isa = XCBuildConfiguration;
			buildSettings = {
				ALWAYS_EMBED_SWIFT_STANDARD_LIBRARIES = YES;
				INFOPLIST_FILE = gitprojectUITests/Info.plist;
				LD_RUNPATH_SEARCH_PATHS = "$(inherited) @executable_path/Frameworks @loader_path/Frameworks";
				PRODUCT_BUNDLE_IDENTIFIER = evision.gitprojectUITests;
				PRODUCT_NAME = "$(TARGET_NAME)";
				SWIFT_VERSION = 3.0;
				TEST_TARGET_NAME = gitproject;
			};
			name = Debug;
		};
		04380D881F6A6B1E002B37C8 /* Release */ = {
			isa = XCBuildConfiguration;
			buildSettings = {
				ALWAYS_EMBED_SWIFT_STANDARD_LIBRARIES = YES;
				INFOPLIST_FILE = gitprojectUITests/Info.plist;
				LD_RUNPATH_SEARCH_PATHS = "$(inherited) @executable_path/Frameworks @loader_path/Frameworks";
				PRODUCT_BUNDLE_IDENTIFIER = evision.gitprojectUITests;
				PRODUCT_NAME = "$(TARGET_NAME)";
				SWIFT_VERSION = 3.0;
				TEST_TARGET_NAME = gitproject;
			};
			name = Release;
		};
/* End XCBuildConfiguration section */

/* Begin XCConfigurationList section */
		04380D531F6A6B1E002B37C8 /* Build configuration list for PBXProject "gitproject" */ = {
			isa = XCConfigurationList;
			buildConfigurations = (
				04380D7E1F6A6B1E002B37C8 /* Debug */,
				04380D7F1F6A6B1E002B37C8 /* Release */,
			);
			defaultConfigurationIsVisible = 0;
			defaultConfigurationName = Release;
		};
		04380D801F6A6B1E002B37C8 /* Build configuration list for PBXNativeTarget "gitproject" */ = {
			isa = XCConfigurationList;
			buildConfigurations = (
				04380D811F6A6B1E002B37C8 /* Debug */,
				04380D821F6A6B1E002B37C8 /* Release */,
			);
			defaultConfigurationIsVisible = 0;
		};
		04380D831F6A6B1E002B37C8 /* Build configuration list for PBXNativeTarget "gitprojectTests" */ = {
			isa = XCConfigurationList;
			buildConfigurations = (
				04380D841F6A6B1E002B37C8 /* Debug */,
				04380D851F6A6B1E002B37C8 /* Release */,
			);
			defaultConfigurationIsVisible = 0;
		};
		04380D861F6A6B1E002B37C8 /* Build configuration list for PBXNativeTarget "gitprojectUITests" */ = {
			isa = XCConfigurationList;
			buildConfigurations = (
				04380D871F6A6B1E002B37C8 /* Debug */,
				04380D881F6A6B1E002B37C8 /* Release */,
			);
			defaultConfigurationIsVisible = 0;
		};
/* End XCConfigurationList section */
	};
	rootObject = 04380D501F6A6B1E002B37C8 /* Project object */;
}
